
Microsoft Visual Studio Solution File, Format Version 12.00
# Visual Studio 15
VisualStudioVersion = 15.0.28010.2016
MinimumVisualStudioVersion = 10.0.40219.1
Project("{FAE04EC0-301F-11D3-BF4B-00C04F79EFBC}") = "WatchoutControlApp", "WatchoutControlApp\WatchoutControlApp.csproj", "{49E12A65-C415-4489-B28E-475741D07554}"
EndProject
Global
	GlobalSection(SolutionConfigurationPlatforms) = preSolution
		Debug|Any CPU = Debug|Any CPU
		Release|Any CPU = Release|Any CPU
	EndGlobalSection
	GlobalSection(ProjectConfigurationPlatforms) = postSolution
		{49E12A65-C415-4489-B28E-475741D07554}.Debug|Any CPU.ActiveCfg = Debug|Any CPU
		{49E12A65-C415-4489-B28E-475741D07554}.Debug|Any CPU.Build.0 = Debug|Any CPU
		{49E12A65-C415-4489-B28E-475741D07554}.Release|Any CPU.ActiveCfg = Release|Any CPU
		{49E12A65-C415-4489-B28E-475741D07554}.Release|Any CPU.Build.0 = Release|Any CPU
	EndGlobalSection
	GlobalSection(SolutionProperties) = preSolution
		HideSolutionNode = FALSE
	EndGlobalSection
	GlobalSection(ExtensibilityGlobals) = postSolution
		SolutionGuid = {57577BBE-02BF-4497-890A-118F1A7DFBE4}
	EndGlobalSection
EndGlobal
